
Microsoft Visual Studio Solution File, Format Version 12.00
# Visual Studio Version 17
VisualStudioVersion = 17.4.33403.182
MinimumVisualStudioVersion = 10.0.40219.1
Project("{FAE04EC0-301F-11D3-BF4B-00C04F79EFBC}") = "Student_Course", "Student_Course\Student_Course.csproj", "{89E2CE6A-5841-4BD1-8645-AA1D60F0A911}"
EndProject
Global
	GlobalSection(SolutionConfigurationPlatforms) = preSolution
		Debug|Any CPU = Debug|Any CPU
		Release|Any CPU = Release|Any CPU
	EndGlobalSection
	GlobalSection(ProjectConfigurationPlatforms) = postSolution
		{89E2CE6A-5841-4BD1-8645-AA1D60F0A911}.Debug|Any CPU.ActiveCfg = Debug|Any CPU
		{89E2CE6A-5841-4BD1-8645-AA1D60F0A911}.Debug|Any CPU.Build.0 = Debug|Any CPU
		{89E2CE6A-5841-4BD1-8645-AA1D60F0A911}.Release|Any CPU.ActiveCfg = Release|Any CPU
		{89E2CE6A-5841-4BD1-8645-AA1D60F0A911}.Release|Any CPU.Build.0 = Release|Any CPU
	EndGlobalSection
	GlobalSection(SolutionProperties) = preSolution
		HideSolutionNode = FALSE
	EndGlobalSection
	GlobalSection(ExtensibilityGlobals) = postSolution
		SolutionGuid = {F32215B4-9F53-4019-B753-11A90E6CFA10}
	EndGlobalSection
EndGlobal
